// !$*UTF8*$!
{
	archiveVersion = 1;
	classes = {
	};
	objectVersion = 56;
	objects = {

/* Begin PBXBuildFile section */
		AF9E64CE29D26F2A00CE118F /* AppDelegate.swift in Sources */ = {isa = PBXBuildFile; fileRef = AF9E64CD29D26F2A00CE118F /* AppDelegate.swift */; };
		AF9E64D029D26F2A00CE118F /* SceneDelegate.swift in Sources */ = {isa = PBXBuildFile; fileRef = AF9E64CF29D26F2A00CE118F /* SceneDelegate.swift */; };
		AF9E64D529D26F2A00CE118F /* Main.storyboard in Resources */ = {isa = PBXBuildFile; fileRef = AF9E64D329D26F2A00CE118F /* Main.storyboard */; };
		AF9E64D729D26F2C00CE118F /* Assets.xcassets in Resources */ = {isa = PBXBuildFile; fileRef = AF9E64D629D26F2C00CE118F /* Assets.xcassets */; };
		AF9E64DA29D26F2C00CE118F /* LaunchScreen.storyboard in Resources */ = {isa = PBXBuildFile; fileRef = AF9E64D829D26F2C00CE118F /* LaunchScreen.storyboard */; };
		AF9E64E229D290CA00CE118F /* User.swift in Sources */ = {isa = PBXBuildFile; fileRef = AF9E64E129D290CA00CE118F /* User.swift */; };
		AF9E64E529D2917700CE118F /* ParseSwift in Frameworks */ = {isa = PBXBuildFile; productRef = AF9E64E429D2917700CE118F /* ParseSwift */; };
		AF9E64E829D2923E00CE118F /* Alamofire in Frameworks */ = {isa = PBXBuildFile; productRef = AF9E64E729D2923E00CE118F /* Alamofire */; };
		AF9E64EB29D2925A00CE118F /* AlamofireImage in Frameworks */ = {isa = PBXBuildFile; productRef = AF9E64EA29D2925A00CE118F /* AlamofireImage */; };
		AF9E64ED29D29B7500CE118F /* Post.swift in Sources */ = {isa = PBXBuildFile; fileRef = AF9E64EC29D29B7500CE118F /* Post.swift */; };
		AF9E64EF29D29BC600CE118F /* DateFormatter+Extensions.swift in Sources */ = {isa = PBXBuildFile; fileRef = AF9E64EE29D29BC600CE118F /* DateFormatter+Extensions.swift */; };
		AF9E64F129D29BF600CE118F /* LoginViewController.swift in Sources */ = {isa = PBXBuildFile; fileRef = AF9E64F029D29BF600CE118F /* LoginViewController.swift */; };
		AF9E64F329D29D0800CE118F /* SignUpViewController.swift in Sources */ = {isa = PBXBuildFile; fileRef = AF9E64F229D29D0800CE118F /* SignUpViewController.swift */; };
		AF9E64F529D2A9B400CE118F /* FeedViewController.swift in Sources */ = {isa = PBXBuildFile; fileRef = AF9E64F429D2A9B400CE118F /* FeedViewController.swift */; };
		AF9E64F929D2AA9600CE118F /* PostCell.swift in Sources */ = {isa = PBXBuildFile; fileRef = AF9E64F829D2AA9600CE118F /* PostCell.swift */; };
		AF9E64FB29D2ACC900CE118F /* PostViewController.swift in Sources */ = {isa = PBXBuildFile; fileRef = AF9E64FA29D2ACC900CE118F /* PostViewController.swift */; };
/* End PBXBuildFile section */

/* Begin PBXFileReference section */
		AF9E64CA29D26F2A00CE118F /* BeReal..app */ = {isa = PBXFileReference; explicitFileType = wrapper.application; includeInIndex = 0; path = BeReal..app; sourceTree = BUILT_PRODUCTS_DIR; };
		AF9E64CD29D26F2A00CE118F /* AppDelegate.swift */ = {isa = PBXFileReference; lastKnownFileType = sourcecode.swift; path = AppDelegate.swift; sourceTree = "<group>"; };
		AF9E64CF29D26F2A00CE118F /* SceneDelegate.swift */ = {isa = PBXFileReference; lastKnownFileType = sourcecode.swift; path = SceneDelegate.swift; sourceTree = "<group>"; };
		AF9E64D429D26F2A00CE118F /* Base */ = {isa = PBXFileReference; lastKnownFileType = file.storyboard; name = Base; path = Base.lproj/Main.storyboard; sourceTree = "<group>"; };
		AF9E64D629D26F2C00CE118F /* Assets.xcassets */ = {isa = PBXFileReference; lastKnownFileType = folder.assetcatalog; path = Assets.xcassets; sourceTree = "<group>"; };
		AF9E64D929D26F2C00CE118F /* Base */ = {isa = PBXFileReference; lastKnownFileType = file.storyboard; name = Base; path = Base.lproj/LaunchScreen.storyboard; sourceTree = "<group>"; };
		AF9E64DB29D26F2C00CE118F /* Info.plist */ = {isa = PBXFileReference; lastKnownFileType = text.plist.xml; path = Info.plist; sourceTree = "<group>"; };
		AF9E64E129D290CA00CE118F /* User.swift */ = {isa = PBXFileReference; lastKnownFileType = sourcecode.swift; path = User.swift; sourceTree = "<group>"; };
		AF9E64EC29D29B7500CE118F /* Post.swift */ = {isa = PBXFileReference; lastKnownFileType = sourcecode.swift; path = Post.swift; sourceTree = "<group>"; };
		AF9E64EE29D29BC600CE118F /* DateFormatter+Extensions.swift */ = {isa = PBXFileReference; lastKnownFileType = sourcecode.swift; path = "DateFormatter+Extensions.swift"; sourceTree = "<group>"; };
		AF9E64F029D29BF600CE118F /* LoginViewController.swift */ = {isa = PBXFileReference; lastKnownFileType = sourcecode.swift; path = LoginViewController.swift; sourceTree = "<group>"; };
		AF9E64F229D29D0800CE118F /* SignUpViewController.swift */ = {isa = PBXFileReference; lastKnownFileType = sourcecode.swift; path = SignUpViewController.swift; sourceTree = "<group>"; };
		AF9E64F429D2A9B400CE118F /* FeedViewController.swift */ = {isa = PBXFileReference; lastKnownFileType = sourcecode.swift; path = FeedViewController.swift; sourceTree = "<group>"; };
		AF9E64F829D2AA9600CE118F /* PostCell.swift */ = {isa = PBXFileReference; lastKnownFileType = sourcecode.swift; path = PostCell.swift; sourceTree = "<group>"; };
		AF9E64FA29D2ACC900CE118F /* PostViewController.swift */ = {isa = PBXFileReference; lastKnownFileType = sourcecode.swift; path = PostViewController.swift; sourceTree = "<group>"; };
/* End PBXFileReference section */

/* Begin PBXFrameworksBuildPhase section */
		AF9E64C729D26F2A00CE118F /* Frameworks */ = {
			isa = PBXFrameworksBuildPhase;
			buildActionMask = 2147483647;
			files = (
				AF9E64E529D2917700CE118F /* ParseSwift in Frameworks */,
				AF9E64E829D2923E00CE118F /* Alamofire in Frameworks */,
				AF9E64EB29D2925A00CE118F /* AlamofireImage in Frameworks */,
			);
			runOnlyForDeploymentPostprocessing = 0;
		};
/* End PBXFrameworksBuildPhase section */

/* Begin PBXGroup section */
		AF9E64C129D26F2900CE118F = {
			isa = PBXGroup;
			children = (
				AF9E64CC29D26F2A00CE118F /* BeReal. */,
				AF9E64CB29D26F2A00CE118F /* Products */,
			);
			sourceTree = "<group>";
		};
		AF9E64CB29D26F2A00CE118F /* Products */ = {
			isa = PBXGroup;
			children = (
				AF9E64CA29D26F2A00CE118F /* BeReal..app */,
			);
			name = Products;
			sourceTree = "<group>";
		};
		AF9E64CC29D26F2A00CE118F /* BeReal. */ = {
			isa = PBXGroup;
			children = (
				AF9E64CD29D26F2A00CE118F /* AppDelegate.swift */,
				AF9E64CF29D26F2A00CE118F /* SceneDelegate.swift */,
				AF9E64F029D29BF600CE118F /* LoginViewController.swift */,
				AF9E64F229D29D0800CE118F /* SignUpViewController.swift */,
				AF9E64F429D2A9B400CE118F /* FeedViewController.swift */,
				AF9E64FA29D2ACC900CE118F /* PostViewController.swift */,
				AF9E64F829D2AA9600CE118F /* PostCell.swift */,
				AF9E64D329D26F2A00CE118F /* Main.storyboard */,
				AF9E64D629D26F2C00CE118F /* Assets.xcassets */,
				AF9E64D829D26F2C00CE118F /* LaunchScreen.storyboard */,
				AF9E64DB29D26F2C00CE118F /* Info.plist */,
				AF9E64E129D290CA00CE118F /* User.swift */,
				AF9E64EC29D29B7500CE118F /* Post.swift */,
				AF9E64EE29D29BC600CE118F /* DateFormatter+Extensions.swift */,
			);
			path = BeReal.;
			sourceTree = "<group>";
		};
/* End PBXGroup section */

/* Begin PBXNativeTarget section */
		AF9E64C929D26F2A00CE118F /* BeReal. */ = {
			isa = PBXNativeTarget;
			buildConfigurationList = AF9E64DE29D26F2C00CE118F /* Build configuration list for PBXNativeTarget "BeReal." */;
			buildPhases = (
				AF9E64C629D26F2A00CE118F /* Sources */,
				AF9E64C729D26F2A00CE118F /* Frameworks */,
				AF9E64C829D26F2A00CE118F /* Resources */,
			);
			buildRules = (
			);
			dependencies = (
			);
			name = BeReal.;
			packageProductDependencies = (
				AF9E64E429D2917700CE118F /* ParseSwift */,
				AF9E64E729D2923E00CE118F /* Alamofire */,
				AF9E64EA29D2925A00CE118F /* AlamofireImage */,
			);
			productName = BeReal.;
			productReference = AF9E64CA29D26F2A00CE118F /* BeReal..app */;
			productType = "com.apple.product-type.application";
		};
/* End PBXNativeTarget section */

/* Begin PBXProject section */
		AF9E64C229D26F2900CE118F /* Project object */ = {
			isa = PBXProject;
			attributes = {
				BuildIndependentTargetsInParallel = 1;
				LastSwiftUpdateCheck = 1420;
				LastUpgradeCheck = 1420;
				TargetAttributes = {
					AF9E64C929D26F2A00CE118F = {
						CreatedOnToolsVersion = 14.2;
					};
				};
			};
			buildConfigurationList = AF9E64C529D26F2900CE118F /* Build configuration list for PBXProject "BeReal." */;
			compatibilityVersion = "Xcode 14.0";
			developmentRegion = en;
			hasScannedForEncodings = 0;
			knownRegions = (
				en,
				Base,
			);
			mainGroup = AF9E64C129D26F2900CE118F;
			packageReferences = (
				AF9E64E329D2917700CE118F /* XCRemoteSwiftPackageReference "Parse-Swift" */,
				AF9E64E629D2923E00CE118F /* XCRemoteSwiftPackageReference "Alamofire" */,
				AF9E64E929D2925A00CE118F /* XCRemoteSwiftPackageReference "AlamofireImage" */,
			);
			productRefGroup = AF9E64CB29D26F2A00CE118F /* Products */;
			projectDirPath = "";
			projectRoot = "";
			targets = (
				AF9E64C929D26F2A00CE118F /* BeReal. */,
			);
		};
/* End PBXProject section */

/* Begin PBXResourcesBuildPhase section */
		AF9E64C829D26F2A00CE118F /* Resources */ = {
			isa = PBXResourcesBuildPhase;
			buildActionMask = 2147483647;
			files = (
				AF9E64DA29D26F2C00CE118F /* LaunchScreen.storyboard in Resources */,
				AF9E64D729D26F2C00CE118F /* Assets.xcassets in Resources */,
				AF9E64D529D26F2A00CE118F /* Main.storyboard in Resources */,
			);
			runOnlyForDeploymentPostprocessing = 0;
		};
/* End PBXResourcesBuildPhase section */

/* Begin PBXSourcesBuildPhase section */
		AF9E64C629D26F2A00CE118F /* Sources */ = {
			isa = PBXSourcesBuildPhase;
			buildActionMask = 2147483647;
			files = (
				AF9E64F129D29BF600CE118F /* LoginViewController.swift in Sources */,
				AF9E64F329D29D0800CE118F /* SignUpViewController.swift in Sources */,
				AF9E64E229D290CA00CE118F /* User.swift in Sources */,
				AF9E64EF29D29BC600CE118F /* DateFormatter+Extensions.swift in Sources */,
				AF9E64FB29D2ACC900CE118F /* PostViewController.swift in Sources */,
				AF9E64CE29D26F2A00CE118F /* AppDelegate.swift in Sources */,
				AF9E64F929D2AA9600CE118F /* PostCell.swift in Sources */,
				AF9E64D029D26F2A00CE118F /* SceneDelegate.swift in Sources */,
				AF9E64F529D2A9B400CE118F /* FeedViewController.swift in Sources */,
				AF9E64ED29D29B7500CE118F /* Post.swift in Sources */,
			);
			runOnlyForDeploymentPostprocessing = 0;
		};
/* End PBXSourcesBuildPhase section */

/* Begin PBXVariantGroup section */
		AF9E64D329D26F2A00CE118F /* Main.storyboard */ = {
			isa = PBXVariantGroup;
			children = (
				AF9E64D429D26F2A00CE118F /* Base */,
			);
			name = Main.storyboard;
			sourceTree = "<group>";
		};
		AF9E64D829D26F2C00CE118F /* LaunchScreen.storyboard */ = {
			isa = PBXVariantGroup;
			children = (
				AF9E64D929D26F2C00CE118F /* Base */,
			);
			name = LaunchScreen.storyboard;
			sourceTree = "<group>";
		};
/* End PBXVariantGroup section */

/* Begin XCBuildConfiguration section */
		AF9E64DC29D26F2C00CE118F /* Debug */ = {
			isa = XCBuildConfiguration;
			buildSettings = {
				ALWAYS_SEARCH_USER_PATHS = NO;
				CLANG_ANALYZER_NONNULL = YES;
				CLANG_ANALYZER_NUMBER_OBJECT_CONVERSION = YES_AGGRESSIVE;
				CLANG_CXX_LANGUAGE_STANDARD = "gnu++20";
				CLANG_ENABLE_MODULES = YES;
				CLANG_ENABLE_OBJC_ARC = YES;
				CLANG_ENABLE_OBJC_WEAK = YES;
				CLANG_WARN_BLOCK_CAPTURE_AUTORELEASING = YES;
				CLANG_WARN_BOOL_CONVERSION = YES;
				CLANG_WARN_COMMA = YES;
				CLANG_WARN_CONSTANT_CONVERSION = YES;
				CLANG_WARN_DEPRECATED_OBJC_IMPLEMENTATIONS = YES;
				CLANG_WARN_DIRECT_OBJC_ISA_USAGE = YES_ERROR;
				CLANG_WARN_DOCUMENTATION_COMMENTS = YES;
				CLANG_WARN_EMPTY_BODY = YES;
				CLANG_WARN_ENUM_CONVERSION = YES;
				CLANG_WARN_INFINITE_RECURSION = YES;
				CLANG_WARN_INT_CONVERSION = YES;
				CLANG_WARN_NON_LITERAL_NULL_CONVERSION = YES;
				CLANG_WARN_OBJC_IMPLICIT_RETAIN_SELF = YES;
				CLANG_WARN_OBJC_LITERAL_CONVERSION = YES;
				CLANG_WARN_OBJC_ROOT_CLASS = YES_ERROR;
				CLANG_WARN_QUOTED_INCLUDE_IN_FRAMEWORK_HEADER = YES;
				CLANG_WARN_RANGE_LOOP_ANALYSIS = YES;
				CLANG_WARN_STRICT_PROTOTYPES = YES;
				CLANG_WARN_SUSPICIOUS_MOVE = YES;
				CLANG_WARN_UNGUARDED_AVAILABILITY = YES_AGGRESSIVE;
				CLANG_WARN_UNREACHABLE_CODE = YES;
				CLANG_WARN__DUPLICATE_METHOD_MATCH = YES;
				COPY_PHASE_STRIP = NO;
				DEBUG_INFORMATION_FORMAT = dwarf;
				ENABLE_STRICT_OBJC_MSGSEND = YES;
				ENABLE_TESTABILITY = YES;
				GCC_C_LANGUAGE_STANDARD = gnu11;
				GCC_DYNAMIC_NO_PIC = NO;
				GCC_NO_COMMON_BLOCKS = YES;
				GCC_OPTIMIZATION_LEVEL = 0;
				GCC_PREPROCESSOR_DEFINITIONS = (
					"DEBUG=1",
					"$(inherited)",
				);
				GCC_WARN_64_TO_32_BIT_CONVERSION = YES;
				GCC_WARN_ABOUT_RETURN_TYPE = YES_ERROR;
				GCC_WARN_UNDECLARED_SELECTOR = YES;
				GCC_WARN_UNINITIALIZED_AUTOS = YES_AGGRESSIVE;
				GCC_WARN_UNUSED_FUNCTION = YES;
				GCC_WARN_UNUSED_VARIABLE = YES;
				IPHONEOS_DEPLOYMENT_TARGET = 16.2;
				MTL_ENABLE_DEBUG_INFO = INCLUDE_SOURCE;
				MTL_FAST_MATH = YES;
				ONLY_ACTIVE_ARCH = YES;
				SDKROOT = iphoneos;
				SWIFT_ACTIVE_COMPILATION_CONDITIONS = DEBUG;
				SWIFT_OPTIMIZATION_LEVEL = "-Onone";
			};
			name = Debug;
		};
		AF9E64DD29D26F2C00CE118F /* Release */ = {
			isa = XCBuildConfiguration;
			buildSettings = {
				ALWAYS_SEARCH_USER_PATHS = NO;
				CLANG_ANALYZER_NONNULL = YES;
				CLANG_ANALYZER_NUMBER_OBJECT_CONVERSION = YES_AGGRESSIVE;
				CLANG_CXX_LANGUAGE_STANDARD = "gnu++20";
				CLANG_ENABLE_MODULES = YES;
				CLANG_ENABLE_OBJC_ARC = YES;
				CLANG_ENABLE_OBJC_WEAK = YES;
				CLANG_WARN_BLOCK_CAPTURE_AUTORELEASING = YES;
				CLANG_WARN_BOOL_CONVERSION = YES;
				CLANG_WARN_COMMA = YES;
				CLANG_WARN_CONSTANT_CONVERSION = YES;
				CLANG_WARN_DEPRECATED_OBJC_IMPLEMENTATIONS = YES;
				CLANG_WARN_DIRECT_OBJC_ISA_USAGE = YES_ERROR;
				CLANG_WARN_DOCUMENTATION_COMMENTS = YES;
				CLANG_WARN_EMPTY_BODY = YES;
				CLANG_WARN_ENUM_CONVERSION = YES;
				CLANG_WARN_INFINITE_RECURSION = YES;
				CLANG_WARN_INT_CONVERSION = YES;
				CLANG_WARN_NON_LITERAL_NULL_CONVERSION = YES;
				CLANG_WARN_OBJC_IMPLICIT_RETAIN_SELF = YES;
				CLANG_WARN_OBJC_LITERAL_CONVERSION = YES;
				CLANG_WARN_OBJC_ROOT_CLASS = YES_ERROR;
				CLANG_WARN_QUOTED_INCLUDE_IN_FRAMEWORK_HEADER = YES;
				CLANG_WARN_RANGE_LOOP_ANALYSIS = YES;
				CLANG_WARN_STRICT_PROTOTYPES = YES;
				CLANG_WARN_SUSPICIOUS_MOVE = YES;
				CLANG_WARN_UNGUARDED_AVAILABILITY = YES_AGGRESSIVE;
				CLANG_WARN_UNREACHABLE_CODE = YES;
				CLANG_WARN__DUPLICATE_METHOD_MATCH = YES;
				COPY_PHASE_STRIP = NO;
				DEBUG_INFORMATION_FORMAT = "dwarf-with-dsym";
				ENABLE_NS_ASSERTIONS = NO;
				ENABLE_STRICT_OBJC_MSGSEND = YES;
				GCC_C_LANGUAGE_STANDARD = gnu11;
				GCC_NO_COMMON_BLOCKS = YES;
				GCC_WARN_64_TO_32_BIT_CONVERSION = YES;
				GCC_WARN_ABOUT_RETURN_TYPE = YES_ERROR;
				GCC_WARN_UNDECLARED_SELECTOR = YES;
				GCC_WARN_UNINITIALIZED_AUTOS = YES_AGGRESSIVE;
				GCC_WARN_UNUSED_FUNCTION = YES;
				GCC_WARN_UNUSED_VARIABLE = YES;
				IPHONEOS_DEPLOYMENT_TARGET = 16.2;
				MTL_ENABLE_DEBUG_INFO = NO;
				MTL_FAST_MATH = YES;
				SDKROOT = iphoneos;
				SWIFT_COMPILATION_MODE = wholemodule;
				SWIFT_OPTIMIZATION_LEVEL = "-O";
				VALIDATE_PRODUCT = YES;
			};
			name = Release;
		};
		AF9E64DF29D26F2C00CE118F /* Debug */ = {
			isa = XCBuildConfiguration;
			buildSettings = {
				ASSETCATALOG_COMPILER_APPICON_NAME = AppIcon;
				ASSETCATALOG_COMPILER_GLOBAL_ACCENT_COLOR_NAME = AccentColor;
				CODE_SIGN_STYLE = Automatic;
				CURRENT_PROJECT_VERSION = 1;
				GENERATE_INFOPLIST_FILE = YES;
				INFOPLIST_FILE = BeReal./Info.plist;
				INFOPLIST_KEY_UIApplicationSupportsIndirectInputEvents = YES;
				INFOPLIST_KEY_UILaunchStoryboardName = LaunchScreen;
				INFOPLIST_KEY_UIMainStoryboardFile = Main;
				INFOPLIST_KEY_UISupportedInterfaceOrientations_iPad = "UIInterfaceOrientationPortrait UIInterfaceOrientationPortraitUpsideDown UIInterfaceOrientationLandscapeLeft UIInterfaceOrientationLandscapeRight";
				INFOPLIST_KEY_UISupportedInterfaceOrientations_iPhone = "UIInterfaceOrientationPortrait UIInterfaceOrientationLandscapeLeft UIInterfaceOrientationLandscapeRight";
				LD_RUNPATH_SEARCH_PATHS = (
					"$(inherited)",
					"@executable_path/Frameworks",
				);
				MARKETING_VERSION = 1.0;
				PRODUCT_BUNDLE_IDENTIFIER = "RaunaqMalhotra.BeReal-";
				PRODUCT_NAME = "$(TARGET_NAME)";
				SWIFT_EMIT_LOC_STRINGS = YES;
				SWIFT_VERSION = 5.0;
				TARGETED_DEVICE_FAMILY = "1,2";
			};
			name = Debug;
		};
		AF9E64E029D26F2C00CE118F /* Release */ = {
			isa = XCBuildConfiguration;
			buildSettings = {
				ASSETCATALOG_COMPILER_APPICON_NAME = AppIcon;
				ASSETCATALOG_COMPILER_GLOBAL_ACCENT_COLOR_NAME = AccentColor;
				CODE_SIGN_STYLE = Automatic;
				CURRENT_PROJECT_VERSION = 1;
				GENERATE_INFOPLIST_FILE = YES;
				INFOPLIST_FILE = BeReal./Info.plist;
				INFOPLIST_KEY_UIApplicationSupportsIndirectInputEvents = YES;
				INFOPLIST_KEY_UILaunchStoryboardName = LaunchScreen;
				INFOPLIST_KEY_UIMainStoryboardFile = Main;
				INFOPLIST_KEY_UISupportedInterfaceOrientations_iPad = "UIInterfaceOrientationPortrait UIInterfaceOrientationPortraitUpsideDown UIInterfaceOrientationLandscapeLeft UIInterfaceOrientationLandscapeRight";
				INFOPLIST_KEY_UISupportedInterfaceOrientations_iPhone = "UIInterfaceOrientationPortrait UIInterfaceOrientationLandscapeLeft UIInterfaceOrientationLandscapeRight";
				LD_RUNPATH_SEARCH_PATHS = (
					"$(inherited)",
					"@executable_path/Frameworks",
				);
				MARKETING_VERSION = 1.0;
				PRODUCT_BUNDLE_IDENTIFIER = "RaunaqMalhotra.BeReal-";
				PRODUCT_NAME = "$(TARGET_NAME)";
				SWIFT_EMIT_LOC_STRINGS = YES;
				SWIFT_VERSION = 5.0;
				TARGETED_DEVICE_FAMILY = "1,2";
			};
			name = Release;
		};
/* End XCBuildConfiguration section */

/* Begin XCConfigurationList section */
		AF9E64C529D26F2900CE118F /* Build configuration list for PBXProject "BeReal." */ = {
			isa = XCConfigurationList;
			buildConfigurations = (
				AF9E64DC29D26F2C00CE118F /* Debug */,
				AF9E64DD29D26F2C00CE118F /* Release */,
			);
			defaultConfigurationIsVisible = 0;
			defaultConfigurationName = Release;
		};
		AF9E64DE29D26F2C00CE118F /* Build configuration list for PBXNativeTarget "BeReal." */ = {
			isa = XCConfigurationList;
			buildConfigurations = (
				AF9E64DF29D26F2C00CE118F /* Debug */,
				AF9E64E029D26F2C00CE118F /* Release */,
			);
			defaultConfigurationIsVisible = 0;
			defaultConfigurationName = Release;
		};
/* End XCConfigurationList section */

/* Begin XCRemoteSwiftPackageReference section */
		AF9E64E329D2917700CE118F /* XCRemoteSwiftPackageReference "Parse-Swift" */ = {
			isa = XCRemoteSwiftPackageReference;
			repositoryURL = "https://github.com/parse-community/Parse-Swift";
			requirement = {
				kind = upToNextMajorVersion;
				minimumVersion = 4.0.0;
			};
		};
		AF9E64E629D2923E00CE118F /* XCRemoteSwiftPackageReference "Alamofire" */ = {
			isa = XCRemoteSwiftPackageReference;
			repositoryURL = "https://github.com/Alamofire/Alamofire";
			requirement = {
				kind = upToNextMajorVersion;
				minimumVersion = 5.0.0;
			};
		};
		AF9E64E929D2925A00CE118F /* XCRemoteSwiftPackageReference "AlamofireImage" */ = {
			isa = XCRemoteSwiftPackageReference;
			repositoryURL = "https://github.com/Alamofire/AlamofireImage";
			requirement = {
				kind = upToNextMajorVersion;
				minimumVersion = 4.0.0;
			};
		};
/* End XCRemoteSwiftPackageReference section */

/* Begin XCSwiftPackageProductDependency section */
		AF9E64E429D2917700CE118F /* ParseSwift */ = {
			isa = XCSwiftPackageProductDependency;
			package = AF9E64E329D2917700CE118F /* XCRemoteSwiftPackageReference "Parse-Swift" */;
			productName = ParseSwift;
		};
		AF9E64E729D2923E00CE118F /* Alamofire */ = {
			isa = XCSwiftPackageProductDependency;
			package = AF9E64E629D2923E00CE118F /* XCRemoteSwiftPackageReference "Alamofire" */;
			productName = Alamofire;
		};
		AF9E64EA29D2925A00CE118F /* AlamofireImage */ = {
			isa = XCSwiftPackageProductDependency;
			package = AF9E64E929D2925A00CE118F /* XCRemoteSwiftPackageReference "AlamofireImage" */;
			productName = AlamofireImage;
		};
/* End XCSwiftPackageProductDependency section */
	};
	rootObject = AF9E64C229D26F2900CE118F /* Project object */;
}
